
Microsoft Visual Studio Solution File, Format Version 12.00
# Visual Studio Version 17
VisualStudioVersion = 17.10.35013.160
MinimumVisualStudioVersion = 10.0.40219.1
Project("{9A19103F-16F7-4668-BE54-9A1E7A4F7556}") = "CarRental", "CarRental.csproj", "{4C465E3E-F642-4D26-BDCB-FA27A10511B4}"
EndProject
Project("{FAE04EC0-301F-11D3-BF4B-00C04F79EFBC}") = "CarRental.Test", "..\CarRental.Test\CarRental.Test.csproj", "{9BC46237-04AD-4254-A75B-27283B7C5BE1}"
EndProject
Global
	GlobalSection(SolutionConfigurationPlatforms) = preSolution
		Debug|Any CPU = Debug|Any CPU
		Release|Any CPU = Release|Any CPU
	EndGlobalSection
	GlobalSection(ProjectConfigurationPlatforms) = postSolution
		{4C465E3E-F642-4D26-BDCB-FA27A10511B4}.Debug|Any CPU.ActiveCfg = Debug|Any CPU
		{4C465E3E-F642-4D26-BDCB-FA27A10511B4}.Debug|Any CPU.Build.0 = Debug|Any CPU
		{4C465E3E-F642-4D26-BDCB-FA27A10511B4}.Release|Any CPU.ActiveCfg = Release|Any CPU
		{4C465E3E-F642-4D26-BDCB-FA27A10511B4}.Release|Any CPU.Build.0 = Release|Any CPU
		{9BC46237-04AD-4254-A75B-27283B7C5BE1}.Debug|Any CPU.ActiveCfg = Debug|Any CPU
		{9BC46237-04AD-4254-A75B-27283B7C5BE1}.Debug|Any CPU.Build.0 = Debug|Any CPU
		{9BC46237-04AD-4254-A75B-27283B7C5BE1}.Release|Any CPU.ActiveCfg = Release|Any CPU
		{9BC46237-04AD-4254-A75B-27283B7C5BE1}.Release|Any CPU.Build.0 = Release|Any CPU
	EndGlobalSection
	GlobalSection(SolutionProperties) = preSolution
		HideSolutionNode = FALSE
	EndGlobalSection
	GlobalSection(ExtensibilityGlobals) = postSolution
		SolutionGuid = {5B69AD10-C097-4483-8B02-383761CE930D}
	EndGlobalSection
EndGlobal
